
Microsoft Visual Studio Solution File, Format Version 12.00
# Visual Studio Version 17
VisualStudioVersion = 17.8.34309.116
MinimumVisualStudioVersion = 10.0.40219.1
Project("{FAE04EC0-301F-11D3-BF4B-00C04F79EFBC}") = "IvanovIvan", "IvanovIvan\IvanovIvan.csproj", "{953CBB3C-9AB2-40B3-938E-DA00931CD3C2}"
EndProject
Global
	GlobalSection(SolutionConfigurationPlatforms) = preSolution
		Debug|Any CPU = Debug|Any CPU
		Release|Any CPU = Release|Any CPU
	EndGlobalSection
	GlobalSection(ProjectConfigurationPlatforms) = postSolution
		{953CBB3C-9AB2-40B3-938E-DA00931CD3C2}.Debug|Any CPU.ActiveCfg = Debug|Any CPU
		{953CBB3C-9AB2-40B3-938E-DA00931CD3C2}.Debug|Any CPU.Build.0 = Debug|Any CPU
		{953CBB3C-9AB2-40B3-938E-DA00931CD3C2}.Release|Any CPU.ActiveCfg = Release|Any CPU
		{953CBB3C-9AB2-40B3-938E-DA00931CD3C2}.Release|Any CPU.Build.0 = Release|Any CPU
	EndGlobalSection
	GlobalSection(SolutionProperties) = preSolution
		HideSolutionNode = FALSE
	EndGlobalSection
	GlobalSection(ExtensibilityGlobals) = postSolution
		SolutionGuid = {F6D7B2D3-1EAC-4606-8381-4425D5EE782A}
	EndGlobalSection
EndGlobal
